// !$*UTF8*$!
{
	archiveVersion = 1;
	classes = {
	};
	objectVersion = 46;
	objects = {

/* Begin PBXBuildFile section */
		02EEA7C9C2BC8007DCC3A894 /* WhoordanUITests.swift in Sources */ = {isa = PBXBuildFile; fileRef = EB0911360431D0FD353EC3CE /* WhoordanUITests.swift */; };
		0E3F5CD49E84D45CB1A0FFC8 /* AppRootView.swift in Sources */ = {isa = PBXBuildFile; fileRef = 379724EEFBAD6566DFC081D7 /* AppRootView.swift */; };
		181EBBAD12B0443AE7692903 /* AppModels.swift in Sources */ = {isa = PBXBuildFile; fileRef = 97349EFF8D3A028D04D75999 /* AppModels.swift */; };
		21E8AA6FDFE25C88F65CC90C /* SleepView.swift in Sources */ = {isa = PBXBuildFile; fileRef = 9FF8E6D656C5C851232996D6 /* SleepView.swift */; };
		2D9A6F4C5E8B4A7F9C1D0E2B /* DesignContractTests.swift in Sources */ = {isa = PBXBuildFile; fileRef = 2D9A6F4C5E8B4A7F9C1D0E2A /* DesignContractTests.swift */; };
		A1B2C3D4E5F60718293A4B5D /* HealthIngestionPipeline.swift in Sources */ = {isa = PBXBuildFile; fileRef = A1B2C3D4E5F60718293A4B5C /* HealthIngestionPipeline.swift */; };
		B1B2C3D4E5F60718293A4B5D /* BackgroundSyncCoordinator.swift in Sources */ = {isa = PBXBuildFile; fileRef = B1B2C3D4E5F60718293A4B5C /* BackgroundSyncCoordinator.swift */; };
		C1B2C3D4E5F60718293A4B5D /* LocalStoreTests.swift in Sources */ = {isa = PBXBuildFile; fileRef = C1B2C3D4E5F60718293A4B5C /* LocalStoreTests.swift */; };
		D1B2C3D4E5F60718293A4B5D /* HealthIngestionPipelineTests.swift in Sources */ = {isa = PBXBuildFile; fileRef = D1B2C3D4E5F60718293A4B5C /* HealthIngestionPipelineTests.swift */; };
		39035B7D75E87B17C592CE2F /* Assets.xcassets in Resources */ = {isa = PBXBuildFile; fileRef = BB7230C630BEFF4192618308 /* Assets.xcassets */; };
		401B7A05174A8F0D3E948271 /* AuthService.swift in Sources */ = {isa = PBXBuildFile; fileRef = 340EBD24DC09CFB76EF9F717 /* AuthService.swift */; };
		40A60AA1B2E97CB846448B6B /* ApprovalService.swift in Sources */ = {isa = PBXBuildFile; fileRef = 01C3DB3AD39D44791A40EE53 /* ApprovalService.swift */; };
		42ADC8B5213553D6692187E4 /* WhoordanApp.swift in Sources */ = {isa = PBXBuildFile; fileRef = 9EDBB97A1C113BC09D078EC8 /* WhoordanApp.swift */; };
		486E9B82F8D844CD2C49A90E /* Foundation.framework in Frameworks */ = {isa = PBXBuildFile; fileRef = 37CCCC2E04BCDF346D432D8E /* Foundation.framework */; };
		49BFE1EED8801AE2E8DE180D /* Foundation.framework in Frameworks */ = {isa = PBXBuildFile; fileRef = 37CCCC2E04BCDF346D432D8E /* Foundation.framework */; };
		53B1184A688FC0B7F0BEBAAE /* WTheme.swift in Sources */ = {isa = PBXBuildFile; fileRef = BD781C3E70B2301B8BEE90CA /* WTheme.swift */; };
		5585EC9394F8FA6CB4A35ADC /* WearableBLEService.swift in Sources */ = {isa = PBXBuildFile; fileRef = 2ECE2603ECBEA7906434AFF6 /* WearableBLEService.swift */; };
		5A0DB707B58BD39D9617B780 /* SupabaseClient.swift in Sources */ = {isa = PBXBuildFile; fileRef = 12B48C6F4EE74945028ED1FE /* SupabaseClient.swift */; };
		5F17672EAFF587FCF46CDDDB /* ScoringEngines.swift in Sources */ = {isa = PBXBuildFile; fileRef = 4EE38EAE700BD70FA8535FE1 /* ScoringEngines.swift */; };
		5F9D10000000000000000001 /* UpdateService.swift in Sources */ = {isa = PBXBuildFile; fileRef = 5F9D10000000000000000000 /* UpdateService.swift */; };
		631E1E5CBB5CBBD8F7C6C8FB /* KeychainStore.swift in Sources */ = {isa = PBXBuildFile; fileRef = D5CDAEED802E04A202315F81 /* KeychainStore.swift */; };
		66037A88E8400AE2C73DBD1B /* HealthKitService.swift in Sources */ = {isa = PBXBuildFile; fileRef = CC94690B07AA663D0754618E /* HealthKitService.swift */; };
		6A0B72D5E8F88DF8D22C5C3B /* HeartView.swift in Sources */ = {isa = PBXBuildFile; fileRef = 7F59F8CE68259E324776A70C /* HeartView.swift */; };
		6C8E72FAA6F330A8F5EF8C3E /* ApprovalLockedView.swift in Sources */ = {isa = PBXBuildFile; fileRef = CEDA21F76B9D2565EDA89649 /* ApprovalLockedView.swift */; };
		71FE8D036004440ABF8BAC13 /* WearableProtocolTests.swift in Sources */ = {isa = PBXBuildFile; fileRef = DD05B7BAADCB0EF8D99D595E /* WearableProtocolTests.swift */; };
		ABCD10000000000000000001 /* UpdateServiceTests.swift in Sources */ = {isa = PBXBuildFile; fileRef = ABCD10000000000000000000 /* UpdateServiceTests.swift */; };
		AEEB10000000000000000001 /* AppEnvironmentWearableStateTests.swift in Sources */ = {isa = PBXBuildFile; fileRef = AEEB10000000000000000000 /* AppEnvironmentWearableStateTests.swift */; };
		78F9A4C5B5C4719C2D65C977 /* JournalView.swift in Sources */ = {isa = PBXBuildFile; fileRef = 2762C916BE32B9566512AB8D /* JournalView.swift */; };
		7BF65A49F1249BE914957DE5 /* CSVSchemaTests.swift in Sources */ = {isa = PBXBuildFile; fileRef = B752DB940C725DEDEACC0298 /* CSVSchemaTests.swift */; };
		AA0000000000000000000021 /* ProjectArchitectureTests.swift in Sources */ = {isa = PBXBuildFile; fileRef = AA0000000000000000000020 /* ProjectArchitectureTests.swift */; };
			7D0F0D5259EC26C7BCE4DAD2 /* PrivacyAccessGuard.swift in Sources */ = {isa = PBXBuildFile; fileRef = 8DEF602E2E3EDDF93EBA8852 /* PrivacyAccessGuard.swift */; };
			884E8160DAD84D7A506C25F1 /* VibrationModels.swift in Sources */ = {isa = PBXBuildFile; fileRef = 7215336D41FC8BA43D458249 /* VibrationModels.swift */; };
			92C7BAE40F364970AC421D84 /* HealthKitTests.swift in Sources */ = {isa = PBXBuildFile; fileRef = B0505E3166E68A15F7B8E1FA /* HealthKitTests.swift */; };
			94A6C0A3C9D3489F8B9C3E17 /* SupabaseConfigTests.swift in Sources */ = {isa = PBXBuildFile; fileRef = 94A6C0A2C9D3489F8B9C3E17 /* SupabaseConfigTests.swift */; };
			976C27494BE2B52D5EBB0314 /* ScoringTests.swift in Sources */ = {isa = PBXBuildFile; fileRef = 928BF50A993A240192AA6CA4 /* ScoringTests.swift */; };
		A4F383D3923A2D5E364E0BBD /* VibrationTests.swift in Sources */ = {isa = PBXBuildFile; fileRef = D67528720C329540C01A1661 /* VibrationTests.swift */; };
		A915EBD8DF10765B53B826B2 /* TodayView.swift in Sources */ = {isa = PBXBuildFile; fileRef = 517757FC85525C622F1C99A3 /* TodayView.swift */; };
		B4A8E9215A92381C56E52709 /* WearableExportCSVSchema.swift in Sources */ = {isa = PBXBuildFile; fileRef = 1AA1DC985EC87F33AAB6497C /* WearableExportCSVSchema.swift */; };
		B81D01B1BFA4C36A10664FF2 /* AuthView.swift in Sources */ = {isa = PBXBuildFile; fileRef = C0523DC2260C3FA5BA1BCBD9 /* AuthView.swift */; };
		C0B97E363AA4E5B1240C103F /* WearableProtocol.swift in Sources */ = {isa = PBXBuildFile; fileRef = E0CB8252FB75937792922B0E /* WearableProtocol.swift */; };
		C6753565B890CC4CF352A833 /* VibrationView.swift in Sources */ = {isa = PBXBuildFile; fileRef = 9F989E91E1EEEAFC76AE2157 /* VibrationView.swift */; };
		C9F3B27328E070B2BBF74D26 /* DeviceView.swift in Sources */ = {isa = PBXBuildFile; fileRef = EEE326316ADEFA2E953E7011 /* DeviceView.swift */; };
		CF5093B0A42ABE16E87CF53D /* RecoveryView.swift in Sources */ = {isa = PBXBuildFile; fileRef = D8B33CD88A2FCD82BE23BF12 /* RecoveryView.swift */; };
		D0B5B54D5ADAB420731EB567 /* AppRouter.swift in Sources */ = {isa = PBXBuildFile; fileRef = 85147FE6981E3877E9FE7D9C /* AppRouter.swift */; };
		D42FCE1A68BDED1B9EC87B16 /* ApprovalGateTests.swift in Sources */ = {isa = PBXBuildFile; fileRef = 085F14D5F7069E470F24B26B /* ApprovalGateTests.swift */; };
		D7EDB970F902E99EC93D0666 /* AppEnvironment.swift in Sources */ = {isa = PBXBuildFile; fileRef = 48C81D06EE31B16AD5514299 /* AppEnvironment.swift */; };
		E1135854AB116F26A5E6A980 /* WComponents.swift in Sources */ = {isa = PBXBuildFile; fileRef = 43FCA463A5DBDD6362592C5C /* WComponents.swift */; };
		E4A4201D81C599FD1B2B5848 /* Foundation.framework in Frameworks */ = {isa = PBXBuildFile; fileRef = 37CCCC2E04BCDF346D432D8E /* Foundation.framework */; };
		ED2AD7C92FA94F36E425ED5F /* HealthModels.swift in Sources */ = {isa = PBXBuildFile; fileRef = 075927BD61B92E2840DEF230 /* HealthModels.swift */; };
		F5EB195627648B21D529BECB /* SettingsView.swift in Sources */ = {isa = PBXBuildFile; fileRef = 4E99050407E36B881688AECC /* SettingsView.swift */; };
		F92201A96F2CEA61ECCE3791 /* LocalStore.swift in Sources */ = {isa = PBXBuildFile; fileRef = 5AEEB5B1859B1E0EF31916AB /* LocalStore.swift */; };
/* End PBXBuildFile section */

/* Begin PBXContainerItemProxy section */
		19B06C47A7CE96ECF7E24A96 /* PBXContainerItemProxy */ = {
			isa = PBXContainerItemProxy;
			containerPortal = 966218AF72A7E1EE4C7B51AF /* Project object */;
			proxyType = 1;
			remoteGlobalIDString = 5F93140A99F11B84AFC2ADB6;
			remoteInfo = Whoordan;
		};
		A14CEEAE7AD4E6C2678E3C7A /* PBXContainerItemProxy */ = {
			isa = PBXContainerItemProxy;
			containerPortal = 966218AF72A7E1EE4C7B51AF /* Project object */;
			proxyType = 1;
			remoteGlobalIDString = 5F93140A99F11B84AFC2ADB6;
			remoteInfo = Whoordan;
		};
/* End PBXContainerItemProxy section */

/* Begin PBXFileReference section */
		01C3DB3AD39D44791A40EE53 /* ApprovalService.swift */ = {isa = PBXFileReference; includeInIndex = 1; lastKnownFileType = sourcecode.swift; name = ApprovalService.swift; path = Whoordan/Core/Approval/ApprovalService.swift; sourceTree = SOURCE_ROOT; };
		075927BD61B92E2840DEF230 /* HealthModels.swift */ = {isa = PBXFileReference; includeInIndex = 1; lastKnownFileType = sourcecode.swift; name = HealthModels.swift; path = Whoordan/Core/Models/HealthModels.swift; sourceTree = SOURCE_ROOT; };
		085F14D5F7069E470F24B26B /* ApprovalGateTests.swift */ = {isa = PBXFileReference; includeInIndex = 1; lastKnownFileType = sourcecode.swift; name = ApprovalGateTests.swift; path = WhoordanTests/ApprovalGateTests.swift; sourceTree = SOURCE_ROOT; };
		12B48C6F4EE74945028ED1FE /* SupabaseClient.swift */ = {isa = PBXFileReference; includeInIndex = 1; lastKnownFileType = sourcecode.swift; name = SupabaseClient.swift; path = Whoordan/Core/Supabase/SupabaseClient.swift; sourceTree = SOURCE_ROOT; };
		1AA1DC985EC87F33AAB6497C /* WearableExportCSVSchema.swift */ = {isa = PBXFileReference; includeInIndex = 1; lastKnownFileType = sourcecode.swift; name = WearableExportCSVSchema.swift; path = Whoordan/Core/CSV/WearableExportCSVSchema.swift; sourceTree = SOURCE_ROOT; };
		2762C916BE32B9566512AB8D /* JournalView.swift */ = {isa = PBXFileReference; includeInIndex = 1; lastKnownFileType = sourcecode.swift; name = JournalView.swift; path = Whoordan/Features/Journal/JournalView.swift; sourceTree = SOURCE_ROOT; };
		2D9A6F4C5E8B4A7F9C1D0E2A /* DesignContractTests.swift */ = {isa = PBXFileReference; includeInIndex = 1; lastKnownFileType = sourcecode.swift; name = DesignContractTests.swift; path = WhoordanTests/DesignContractTests.swift; sourceTree = SOURCE_ROOT; };
		2ECE2603ECBEA7906434AFF6 /* WearableBLEService.swift */ = {isa = PBXFileReference; includeInIndex = 1; lastKnownFileType = sourcecode.swift; name = WearableBLEService.swift; path = Whoordan/Core/BLE/WearableBLEService.swift; sourceTree = SOURCE_ROOT; };
		340EBD24DC09CFB76EF9F717 /* AuthService.swift */ = {isa = PBXFileReference; includeInIndex = 1; lastKnownFileType = sourcecode.swift; name = AuthService.swift; path = Whoordan/Core/Auth/AuthService.swift; sourceTree = SOURCE_ROOT; };
		379724EEFBAD6566DFC081D7 /* AppRootView.swift */ = {isa = PBXFileReference; includeInIndex = 1; lastKnownFileType = sourcecode.swift; name = AppRootView.swift; path = Whoordan/App/AppRootView.swift; sourceTree = SOURCE_ROOT; };
		37CCCC2E04BCDF346D432D8E /* Foundation.framework */ = {isa = PBXFileReference; lastKnownFileType = wrapper.framework; name = Foundation.framework; path = Platforms/iPhoneOS.platform/Developer/SDKs/iPhoneOS18.0.sdk/System/Library/Frameworks/Foundation.framework; sourceTree = DEVELOPER_DIR; };
		3E546573D9F6B55B545D259A /* WhoordanUITests.xctest */ = {isa = PBXFileReference; explicitFileType = wrapper.cfbundle; includeInIndex = 0; path = WhoordanUITests.xctest; sourceTree = BUILT_PRODUCTS_DIR; };
		43FCA463A5DBDD6362592C5C /* WComponents.swift */ = {isa = PBXFileReference; includeInIndex = 1; lastKnownFileType = sourcecode.swift; name = WComponents.swift; path = Whoordan/DesignSystem/WComponents.swift; sourceTree = SOURCE_ROOT; };
		48C81D06EE31B16AD5514299 /* AppEnvironment.swift */ = {isa = PBXFileReference; includeInIndex = 1; lastKnownFileType = sourcecode.swift; name = AppEnvironment.swift; path = Whoordan/App/AppEnvironment.swift; sourceTree = SOURCE_ROOT; };
		4E99050407E36B881688AECC /* SettingsView.swift */ = {isa = PBXFileReference; includeInIndex = 1; lastKnownFileType = sourcecode.swift; name = SettingsView.swift; path = Whoordan/Features/Settings/SettingsView.swift; sourceTree = SOURCE_ROOT; };
		4EE38EAE700BD70FA8535FE1 /* ScoringEngines.swift */ = {isa = PBXFileReference; includeInIndex = 1; lastKnownFileType = sourcecode.swift; name = ScoringEngines.swift; path = Whoordan/Core/Scoring/ScoringEngines.swift; sourceTree = SOURCE_ROOT; };
		517757FC85525C622F1C99A3 /* TodayView.swift */ = {isa = PBXFileReference; includeInIndex = 1; lastKnownFileType = sourcecode.swift; name = TodayView.swift; path = Whoordan/Features/Today/TodayView.swift; sourceTree = SOURCE_ROOT; };
		59597C152C56F3E8B7F4901B /* Whoordan.app */ = {isa = PBXFileReference; explicitFileType = wrapper.application; includeInIndex = 0; path = Whoordan.app; sourceTree = BUILT_PRODUCTS_DIR; };
		5F9D10000000000000000000 /* UpdateService.swift */ = {isa = PBXFileReference; includeInIndex = 1; lastKnownFileType = sourcecode.swift; name = UpdateService.swift; path = Whoordan/Core/Update/UpdateService.swift; sourceTree = SOURCE_ROOT; };
		5AEEB5B1859B1E0EF31916AB /* LocalStore.swift */ = {isa = PBXFileReference; includeInIndex = 1; lastKnownFileType = sourcecode.swift; name = LocalStore.swift; path = Whoordan/Core/Storage/LocalStore.swift; sourceTree = SOURCE_ROOT; };
		5B5C4DC1AEED0B81DF64D04C /* Whoordan.entitlements */ = {isa = PBXFileReference; includeInIndex = 1; lastKnownFileType = text.plist.entitlements; name = Whoordan.entitlements; path = Whoordan/Resources/Whoordan.entitlements; sourceTree = SOURCE_ROOT; };
		7215336D41FC8BA43D458249 /* VibrationModels.swift */ = {isa = PBXFileReference; includeInIndex = 1; lastKnownFileType = sourcecode.swift; name = VibrationModels.swift; path = Whoordan/Core/Haptics/VibrationModels.swift; sourceTree = SOURCE_ROOT; };
		7F59F8CE68259E324776A70C /* HeartView.swift */ = {isa = PBXFileReference; includeInIndex = 1; lastKnownFileType = sourcecode.swift; name = HeartView.swift; path = Whoordan/Features/Heart/HeartView.swift; sourceTree = SOURCE_ROOT; };
		85147FE6981E3877E9FE7D9C /* AppRouter.swift */ = {isa = PBXFileReference; includeInIndex = 1; lastKnownFileType = sourcecode.swift; name = AppRouter.swift; path = Whoordan/App/AppRouter.swift; sourceTree = SOURCE_ROOT; };
		8CE0715F0FC2B872F1CAF154 /* WhoordanTests.xctest */ = {isa = PBXFileReference; explicitFileType = wrapper.cfbundle; includeInIndex = 0; path = WhoordanTests.xctest; sourceTree = BUILT_PRODUCTS_DIR; };
		8DEF602E2E3EDDF93EBA8852 /* PrivacyAccessGuard.swift */ = {isa = PBXFileReference; includeInIndex = 1; lastKnownFileType = sourcecode.swift; name = PrivacyAccessGuard.swift; path = Whoordan/Core/Privacy/PrivacyAccessGuard.swift; sourceTree = SOURCE_ROOT; };
			928BF50A993A240192AA6CA4 /* ScoringTests.swift */ = {isa = PBXFileReference; includeInIndex = 1; lastKnownFileType = sourcecode.swift; name = ScoringTests.swift; path = WhoordanTests/ScoringTests.swift; sourceTree = SOURCE_ROOT; };
			94A6C0A2C9D3489F8B9C3E17 /* SupabaseConfigTests.swift */ = {isa = PBXFileReference; includeInIndex = 1; lastKnownFileType = sourcecode.swift; name = SupabaseConfigTests.swift; path = WhoordanTests/SupabaseConfigTests.swift; sourceTree = SOURCE_ROOT; };
		97349EFF8D3A028D04D75999 /* AppModels.swift */ = {isa = PBXFileReference; includeInIndex = 1; lastKnownFileType = sourcecode.swift; name = AppModels.swift; path = Whoordan/Core/Models/AppModels.swift; sourceTree = SOURCE_ROOT; };
		A1B2C3D4E5F60718293A4B5C /* HealthIngestionPipeline.swift */ = {isa = PBXFileReference; includeInIndex = 1; lastKnownFileType = sourcecode.swift; name = HealthIngestionPipeline.swift; path = Whoordan/Core/Sync/HealthIngestionPipeline.swift; sourceTree = SOURCE_ROOT; };
		9EDBB97A1C113BC09D078EC8 /* WhoordanApp.swift */ = {isa = PBXFileReference; includeInIndex = 1; lastKnownFileType = sourcecode.swift; name = WhoordanApp.swift; path = Whoordan/App/WhoordanApp.swift; sourceTree = SOURCE_ROOT; };
		9F989E91E1EEEAFC76AE2157 /* VibrationView.swift */ = {isa = PBXFileReference; includeInIndex = 1; lastKnownFileType = sourcecode.swift; name = VibrationView.swift; path = Whoordan/Features/Vibration/VibrationView.swift; sourceTree = SOURCE_ROOT; };
		9FF8E6D656C5C851232996D6 /* SleepView.swift */ = {isa = PBXFileReference; includeInIndex = 1; lastKnownFileType = sourcecode.swift; name = SleepView.swift; path = Whoordan/Features/Sleep/SleepView.swift; sourceTree = SOURCE_ROOT; };
		ABCD10000000000000000000 /* UpdateServiceTests.swift */ = {isa = PBXFileReference; includeInIndex = 1; lastKnownFileType = sourcecode.swift; name = UpdateServiceTests.swift; path = WhoordanTests/UpdateServiceTests.swift; sourceTree = SOURCE_ROOT; };
		AA0000000000000000000020 /* ProjectArchitectureTests.swift */ = {isa = PBXFileReference; includeInIndex = 1; lastKnownFileType = sourcecode.swift; name = ProjectArchitectureTests.swift; path = WhoordanTests/ProjectArchitectureTests.swift; sourceTree = SOURCE_ROOT; };
		AEEB10000000000000000000 /* AppEnvironmentWearableStateTests.swift */ = {isa = PBXFileReference; includeInIndex = 1; lastKnownFileType = sourcecode.swift; name = AppEnvironmentWearableStateTests.swift; path = WhoordanTests/AppEnvironmentWearableStateTests.swift; sourceTree = SOURCE_ROOT; };
		B0505E3166E68A15F7B8E1FA /* HealthKitTests.swift */ = {isa = PBXFileReference; includeInIndex = 1; lastKnownFileType = sourcecode.swift; name = HealthKitTests.swift; path = WhoordanTests/HealthKitTests.swift; sourceTree = SOURCE_ROOT; };
		B752DB940C725DEDEACC0298 /* CSVSchemaTests.swift */ = {isa = PBXFileReference; includeInIndex = 1; lastKnownFileType = sourcecode.swift; name = CSVSchemaTests.swift; path = WhoordanTests/CSVSchemaTests.swift; sourceTree = SOURCE_ROOT; };
		B1B2C3D4E5F60718293A4B5C /* BackgroundSyncCoordinator.swift */ = {isa = PBXFileReference; includeInIndex = 1; lastKnownFileType = sourcecode.swift; name = BackgroundSyncCoordinator.swift; path = Whoordan/Core/Sync/BackgroundSyncCoordinator.swift; sourceTree = SOURCE_ROOT; };
		BB7230C630BEFF4192618308 /* Assets.xcassets */ = {isa = PBXFileReference; includeInIndex = 1; lastKnownFileType = folder.assetcatalog; name = Assets.xcassets; path = Whoordan/Resources/Assets.xcassets; sourceTree = SOURCE_ROOT; };
		BD781C3E70B2301B8BEE90CA /* WTheme.swift */ = {isa = PBXFileReference; includeInIndex = 1; lastKnownFileType = sourcecode.swift; name = WTheme.swift; path = Whoordan/DesignSystem/WTheme.swift; sourceTree = SOURCE_ROOT; };
		C0523DC2260C3FA5BA1BCBD9 /* AuthView.swift */ = {isa = PBXFileReference; includeInIndex = 1; lastKnownFileType = sourcecode.swift; name = AuthView.swift; path = Whoordan/Features/Auth/AuthView.swift; sourceTree = SOURCE_ROOT; };
		C1B2C3D4E5F60718293A4B5C /* LocalStoreTests.swift */ = {isa = PBXFileReference; includeInIndex = 1; lastKnownFileType = sourcecode.swift; name = LocalStoreTests.swift; path = WhoordanTests/LocalStoreTests.swift; sourceTree = SOURCE_ROOT; };
		CC94690B07AA663D0754618E /* HealthKitService.swift */ = {isa = PBXFileReference; includeInIndex = 1; lastKnownFileType = sourcecode.swift; name = HealthKitService.swift; path = Whoordan/Core/HealthKit/HealthKitService.swift; sourceTree = SOURCE_ROOT; };
		CEDA21F76B9D2565EDA89649 /* ApprovalLockedView.swift */ = {isa = PBXFileReference; includeInIndex = 1; lastKnownFileType = sourcecode.swift; name = ApprovalLockedView.swift; path = Whoordan/Features/Approval/ApprovalLockedView.swift; sourceTree = SOURCE_ROOT; };
		D5CDAEED802E04A202315F81 /* KeychainStore.swift */ = {isa = PBXFileReference; includeInIndex = 1; lastKnownFileType = sourcecode.swift; name = KeychainStore.swift; path = Whoordan/Core/Storage/KeychainStore.swift; sourceTree = SOURCE_ROOT; };
		D67528720C329540C01A1661 /* VibrationTests.swift */ = {isa = PBXFileReference; includeInIndex = 1; lastKnownFileType = sourcecode.swift; name = VibrationTests.swift; path = WhoordanTests/VibrationTests.swift; sourceTree = SOURCE_ROOT; };
		D8B33CD88A2FCD82BE23BF12 /* RecoveryView.swift */ = {isa = PBXFileReference; includeInIndex = 1; lastKnownFileType = sourcecode.swift; name = RecoveryView.swift; path = Whoordan/Features/Recovery/RecoveryView.swift; sourceTree = SOURCE_ROOT; };
		D1B2C3D4E5F60718293A4B5C /* HealthIngestionPipelineTests.swift */ = {isa = PBXFileReference; includeInIndex = 1; lastKnownFileType = sourcecode.swift; name = HealthIngestionPipelineTests.swift; path = WhoordanTests/HealthIngestionPipelineTests.swift; sourceTree = SOURCE_ROOT; };
		DD05B7BAADCB0EF8D99D595E /* WearableProtocolTests.swift */ = {isa = PBXFileReference; includeInIndex = 1; lastKnownFileType = sourcecode.swift; name = WearableProtocolTests.swift; path = WhoordanTests/WearableProtocolTests.swift; sourceTree = SOURCE_ROOT; };
		E0CB8252FB75937792922B0E /* WearableProtocol.swift */ = {isa = PBXFileReference; includeInIndex = 1; lastKnownFileType = sourcecode.swift; name = WearableProtocol.swift; path = Whoordan/Core/BLE/WearableProtocol.swift; sourceTree = SOURCE_ROOT; };
		EB0911360431D0FD353EC3CE /* WhoordanUITests.swift */ = {isa = PBXFileReference; includeInIndex = 1; lastKnownFileType = sourcecode.swift; name = WhoordanUITests.swift; path = WhoordanUITests/WhoordanUITests.swift; sourceTree = SOURCE_ROOT; };
		EEE326316ADEFA2E953E7011 /* DeviceView.swift */ = {isa = PBXFileReference; includeInIndex = 1; lastKnownFileType = sourcecode.swift; name = DeviceView.swift; path = Whoordan/Features/Device/DeviceView.swift; sourceTree = SOURCE_ROOT; };
		F86743D3087CEEE39855A305 /* Info.plist */ = {isa = PBXFileReference; includeInIndex = 1; lastKnownFileType = text.plist.xml; name = Info.plist; path = Whoordan/Resources/Info.plist; sourceTree = SOURCE_ROOT; };
/* End PBXFileReference section */

/* Begin PBXFrameworksBuildPhase section */
		6C2542E02FBFA40F1A507A56 /* Frameworks */ = {
			isa = PBXFrameworksBuildPhase;
			buildActionMask = 2147483647;
			files = (
				486E9B82F8D844CD2C49A90E /* Foundation.framework in Frameworks */,
			);
			runOnlyForDeploymentPostprocessing = 0;
		};
		6E0CA20B242898F1AEA113BF /* Frameworks */ = {
			isa = PBXFrameworksBuildPhase;
			buildActionMask = 2147483647;
			files = (
				49BFE1EED8801AE2E8DE180D /* Foundation.framework in Frameworks */,
			);
			runOnlyForDeploymentPostprocessing = 0;
		};
		D86A8882D7D1C698AB32448A /* Frameworks */ = {
			isa = PBXFrameworksBuildPhase;
			buildActionMask = 2147483647;
			files = (
				E4A4201D81C599FD1B2B5848 /* Foundation.framework in Frameworks */,
			);
			runOnlyForDeploymentPostprocessing = 0;
		};
/* End PBXFrameworksBuildPhase section */

/* Begin PBXGroup section */
		00B4E9311369B1DDB31B6C5E /* WhoordanTests */ = {
			isa = PBXGroup;
			children = (
				AEEB10000000000000000000 /* AppEnvironmentWearableStateTests.swift */,
				085F14D5F7069E470F24B26B /* ApprovalGateTests.swift */,
				B752DB940C725DEDEACC0298 /* CSVSchemaTests.swift */,
				2D9A6F4C5E8B4A7F9C1D0E2A /* DesignContractTests.swift */,
				B0505E3166E68A15F7B8E1FA /* HealthKitTests.swift */,
				D1B2C3D4E5F60718293A4B5C /* HealthIngestionPipelineTests.swift */,
					C1B2C3D4E5F60718293A4B5C /* LocalStoreTests.swift */,
					AA0000000000000000000020 /* ProjectArchitectureTests.swift */,
					928BF50A993A240192AA6CA4 /* ScoringTests.swift */,
					94A6C0A2C9D3489F8B9C3E17 /* SupabaseConfigTests.swift */,
					ABCD10000000000000000000 /* UpdateServiceTests.swift */,
					D67528720C329540C01A1661 /* VibrationTests.swift */,
				DD05B7BAADCB0EF8D99D595E /* WearableProtocolTests.swift */,
			);
			name = WhoordanTests;
			sourceTree = "<group>";
		};
		2F0602B904879BE8A5AEFAF1 /* iOS */ = {
			isa = PBXGroup;
			children = (
				37CCCC2E04BCDF346D432D8E /* Foundation.framework */,
			);
			name = iOS;
			sourceTree = "<group>";
		};
		AA0000000000000000000001 /* App */ = {
			isa = PBXGroup;
			children = (
				48C81D06EE31B16AD5514299 /* AppEnvironment.swift */,
				379724EEFBAD6566DFC081D7 /* AppRootView.swift */,
				85147FE6981E3877E9FE7D9C /* AppRouter.swift */,
				9EDBB97A1C113BC09D078EC8 /* WhoordanApp.swift */,
			);
			name = App;
			sourceTree = "<group>";
		};
		AA0000000000000000000002 /* Core */ = {
			isa = PBXGroup;
			children = (
				AA0000000000000000000006 /* Approval */,
				AA0000000000000000000007 /* Auth */,
				AA0000000000000000000008 /* BLE */,
				AA0000000000000000000009 /* CSV */,
				AA000000000000000000000A /* Haptics */,
				AA000000000000000000000B /* HealthKit */,
				AA000000000000000000000C /* Models */,
				AA000000000000000000000D /* Privacy */,
				AA000000000000000000000E /* Scoring */,
				AA000000000000000000000F /* Storage */,
				AA0000000000000000000010 /* Supabase */,
				AA0000000000000000000011 /* Sync */,
				AA0000000000000000000012 /* Update */,
			);
			name = Core;
			sourceTree = "<group>";
		};
		AA0000000000000000000003 /* DesignSystem */ = {
			isa = PBXGroup;
			children = (
				43FCA463A5DBDD6362592C5C /* WComponents.swift */,
				BD781C3E70B2301B8BEE90CA /* WTheme.swift */,
			);
			name = DesignSystem;
			sourceTree = "<group>";
		};
		AA0000000000000000000004 /* Features */ = {
			isa = PBXGroup;
			children = (
				AA0000000000000000000016 /* Approval */,
				AA0000000000000000000017 /* Auth */,
				AA0000000000000000000018 /* Device */,
				AA0000000000000000000019 /* Heart */,
				AA000000000000000000001A /* Journal */,
				AA000000000000000000001B /* Recovery */,
				AA000000000000000000001C /* Settings */,
				AA000000000000000000001D /* Sleep */,
				AA000000000000000000001E /* Today */,
				AA000000000000000000001F /* Vibration */,
			);
			name = Features;
			sourceTree = "<group>";
		};
		AA0000000000000000000005 /* Resources */ = {
			isa = PBXGroup;
			children = (
				BB7230C630BEFF4192618308 /* Assets.xcassets */,
				F86743D3087CEEE39855A305 /* Info.plist */,
				5B5C4DC1AEED0B81DF64D04C /* Whoordan.entitlements */,
			);
			name = Resources;
			sourceTree = "<group>";
		};
		AA0000000000000000000006 /* Approval */ = {
			isa = PBXGroup;
			children = (
				01C3DB3AD39D44791A40EE53 /* ApprovalService.swift */,
			);
			name = Approval;
			sourceTree = "<group>";
		};
		AA0000000000000000000007 /* Auth */ = {
			isa = PBXGroup;
			children = (
				340EBD24DC09CFB76EF9F717 /* AuthService.swift */,
			);
			name = Auth;
			sourceTree = "<group>";
		};
		AA0000000000000000000008 /* BLE */ = {
			isa = PBXGroup;
			children = (
				2ECE2603ECBEA7906434AFF6 /* WearableBLEService.swift */,
				E0CB8252FB75937792922B0E /* WearableProtocol.swift */,
			);
			name = BLE;
			sourceTree = "<group>";
		};
		AA0000000000000000000009 /* CSV */ = {
			isa = PBXGroup;
			children = (
				1AA1DC985EC87F33AAB6497C /* WearableExportCSVSchema.swift */,
			);
			name = CSV;
			sourceTree = "<group>";
		};
		AA000000000000000000000A /* Haptics */ = {
			isa = PBXGroup;
			children = (
				7215336D41FC8BA43D458249 /* VibrationModels.swift */,
			);
			name = Haptics;
			sourceTree = "<group>";
		};
		AA000000000000000000000B /* HealthKit */ = {
			isa = PBXGroup;
			children = (
				CC94690B07AA663D0754618E /* HealthKitService.swift */,
			);
			name = HealthKit;
			sourceTree = "<group>";
		};
		AA000000000000000000000C /* Models */ = {
			isa = PBXGroup;
			children = (
				97349EFF8D3A028D04D75999 /* AppModels.swift */,
				075927BD61B92E2840DEF230 /* HealthModels.swift */,
			);
			name = Models;
			sourceTree = "<group>";
		};
		AA000000000000000000000D /* Privacy */ = {
			isa = PBXGroup;
			children = (
				8DEF602E2E3EDDF93EBA8852 /* PrivacyAccessGuard.swift */,
			);
			name = Privacy;
			sourceTree = "<group>";
		};
		AA000000000000000000000E /* Scoring */ = {
			isa = PBXGroup;
			children = (
				4EE38EAE700BD70FA8535FE1 /* ScoringEngines.swift */,
			);
			name = Scoring;
			sourceTree = "<group>";
		};
		AA000000000000000000000F /* Storage */ = {
			isa = PBXGroup;
			children = (
				D5CDAEED802E04A202315F81 /* KeychainStore.swift */,
				5AEEB5B1859B1E0EF31916AB /* LocalStore.swift */,
			);
			name = Storage;
			sourceTree = "<group>";
		};
		AA0000000000000000000010 /* Supabase */ = {
			isa = PBXGroup;
			children = (
				12B48C6F4EE74945028ED1FE /* SupabaseClient.swift */,
			);
			name = Supabase;
			sourceTree = "<group>";
		};
		AA0000000000000000000011 /* Sync */ = {
			isa = PBXGroup;
			children = (
				B1B2C3D4E5F60718293A4B5C /* BackgroundSyncCoordinator.swift */,
				A1B2C3D4E5F60718293A4B5C /* HealthIngestionPipeline.swift */,
			);
			name = Sync;
			sourceTree = "<group>";
		};
		AA0000000000000000000012 /* Update */ = {
			isa = PBXGroup;
			children = (
				5F9D10000000000000000000 /* UpdateService.swift */,
			);
			name = Update;
			sourceTree = "<group>";
		};
		AA0000000000000000000016 /* Approval */ = {
			isa = PBXGroup;
			children = (
				CEDA21F76B9D2565EDA89649 /* ApprovalLockedView.swift */,
			);
			name = Approval;
			sourceTree = "<group>";
		};
		AA0000000000000000000017 /* Auth */ = {
			isa = PBXGroup;
			children = (
				C0523DC2260C3FA5BA1BCBD9 /* AuthView.swift */,
			);
			name = Auth;
			sourceTree = "<group>";
		};
		AA0000000000000000000018 /* Device */ = {
			isa = PBXGroup;
			children = (
				EEE326316ADEFA2E953E7011 /* DeviceView.swift */,
			);
			name = Device;
			sourceTree = "<group>";
		};
		AA0000000000000000000019 /* Heart */ = {
			isa = PBXGroup;
			children = (
				7F59F8CE68259E324776A70C /* HeartView.swift */,
			);
			name = Heart;
			sourceTree = "<group>";
		};
		AA000000000000000000001A /* Journal */ = {
			isa = PBXGroup;
			children = (
				2762C916BE32B9566512AB8D /* JournalView.swift */,
			);
			name = Journal;
			sourceTree = "<group>";
		};
		AA000000000000000000001B /* Recovery */ = {
			isa = PBXGroup;
			children = (
				D8B33CD88A2FCD82BE23BF12 /* RecoveryView.swift */,
			);
			name = Recovery;
			sourceTree = "<group>";
		};
		AA000000000000000000001C /* Settings */ = {
			isa = PBXGroup;
			children = (
				4E99050407E36B881688AECC /* SettingsView.swift */,
			);
			name = Settings;
			sourceTree = "<group>";
		};
		AA000000000000000000001D /* Sleep */ = {
			isa = PBXGroup;
			children = (
				9FF8E6D656C5C851232996D6 /* SleepView.swift */,
			);
			name = Sleep;
			sourceTree = "<group>";
		};
		AA000000000000000000001E /* Today */ = {
			isa = PBXGroup;
			children = (
				517757FC85525C622F1C99A3 /* TodayView.swift */,
			);
			name = Today;
			sourceTree = "<group>";
		};
		AA000000000000000000001F /* Vibration */ = {
			isa = PBXGroup;
			children = (
				9F989E91E1EEEAFC76AE2157 /* VibrationView.swift */,
			);
			name = Vibration;
			sourceTree = "<group>";
		};
		50659C1C1C1CEF625DEDBABD /* Whoordan */ = {
			isa = PBXGroup;
			children = (
				AA0000000000000000000001 /* App */,
				AA0000000000000000000002 /* Core */,
				AA0000000000000000000003 /* DesignSystem */,
				AA0000000000000000000004 /* Features */,
				AA0000000000000000000005 /* Resources */,
			);
			name = Whoordan;
			sourceTree = "<group>";
		};
		76E1750B0A469DAC1F89DDB7 /* WhoordanUITests */ = {
			isa = PBXGroup;
			children = (
				EB0911360431D0FD353EC3CE /* WhoordanUITests.swift */,
			);
			name = WhoordanUITests;
			sourceTree = "<group>";
		};
		A94DC5A5151CB79B0305D43F /* Products */ = {
			isa = PBXGroup;
			children = (
				59597C152C56F3E8B7F4901B /* Whoordan.app */,
				8CE0715F0FC2B872F1CAF154 /* WhoordanTests.xctest */,
				3E546573D9F6B55B545D259A /* WhoordanUITests.xctest */,
			);
			name = Products;
			sourceTree = "<group>";
		};
		CCD0A77FB650BA5BCA216E19 = {
			isa = PBXGroup;
			children = (
				A94DC5A5151CB79B0305D43F /* Products */,
				F4D237CB90C7F64FE36889C2 /* Frameworks */,
				50659C1C1C1CEF625DEDBABD /* Whoordan */,
				00B4E9311369B1DDB31B6C5E /* WhoordanTests */,
				76E1750B0A469DAC1F89DDB7 /* WhoordanUITests */,
			);
			sourceTree = "<group>";
		};
		F4D237CB90C7F64FE36889C2 /* Frameworks */ = {
			isa = PBXGroup;
			children = (
				2F0602B904879BE8A5AEFAF1 /* iOS */,
			);
			name = Frameworks;
			sourceTree = "<group>";
		};
/* End PBXGroup section */

/* Begin PBXNativeTarget section */
		2998702A8D1BAB128321130F /* WhoordanTests */ = {
			isa = PBXNativeTarget;
			buildConfigurationList = 3026A77E0E1F261511F8FD39 /* Build configuration list for PBXNativeTarget "WhoordanTests" */;
			buildPhases = (
				FEFAE987EF51E576C9E6671C /* Sources */,
				6C2542E02FBFA40F1A507A56 /* Frameworks */,
				AD4F1E047253A250BC2A2A43 /* Resources */,
			);
			buildRules = (
			);
			dependencies = (
				C86465AC01DACC12AC466DDC /* PBXTargetDependency */,
			);
			name = WhoordanTests;
			productName = WhoordanTests;
			productReference = 8CE0715F0FC2B872F1CAF154 /* WhoordanTests.xctest */;
			productType = "com.apple.product-type.bundle.unit-test";
		};
		579F177221563AC8EF71F3F0 /* WhoordanUITests */ = {
			isa = PBXNativeTarget;
			buildConfigurationList = E39E806038FFDC45DEBB2D7D /* Build configuration list for PBXNativeTarget "WhoordanUITests" */;
			buildPhases = (
				6148D796259332951F62A5DE /* Sources */,
				D86A8882D7D1C698AB32448A /* Frameworks */,
				A59019A275F35E3DB5FF33F2 /* Resources */,
			);
			buildRules = (
			);
			dependencies = (
				FFDCC38515198C67D4587553 /* PBXTargetDependency */,
			);
			name = WhoordanUITests;
			productName = WhoordanUITests;
			productReference = 3E546573D9F6B55B545D259A /* WhoordanUITests.xctest */;
			productType = "com.apple.product-type.bundle.ui-testing";
		};
		5F93140A99F11B84AFC2ADB6 /* Whoordan */ = {
			isa = PBXNativeTarget;
			buildConfigurationList = 6CB6C7E768D98C103AC49133 /* Build configuration list for PBXNativeTarget "Whoordan" */;
			buildPhases = (
				589DBD067D79C787E741C7B7 /* Sources */,
				6E0CA20B242898F1AEA113BF /* Frameworks */,
				5B18B4E0D881F01FD9C3E1C2 /* Resources */,
			);
			buildRules = (
			);
			dependencies = (
			);
			name = Whoordan;
			productName = Whoordan;
			productReference = 59597C152C56F3E8B7F4901B /* Whoordan.app */;
			productType = "com.apple.product-type.application";
		};
/* End PBXNativeTarget section */

/* Begin PBXProject section */
		966218AF72A7E1EE4C7B51AF /* Project object */ = {
			isa = PBXProject;
			attributes = {
				LastSwiftUpdateCheck = 1600;
				LastUpgradeCheck = 1600;
			};
			buildConfigurationList = E9DD8CA59C6BC5234BB744E7 /* Build configuration list for PBXProject "Whoordan" */;
			compatibilityVersion = "Xcode 3.2";
			developmentRegion = en;
			hasScannedForEncodings = 0;
			knownRegions = (
				en,
				Base,
			);
			mainGroup = CCD0A77FB650BA5BCA216E19;
			minimizedProjectReferenceProxies = 0;
			preferredProjectObjectVersion = 77;
			productRefGroup = A94DC5A5151CB79B0305D43F /* Products */;
			projectDirPath = "";
			projectRoot = "";
			targets = (
				5F93140A99F11B84AFC2ADB6 /* Whoordan */,
				2998702A8D1BAB128321130F /* WhoordanTests */,
				579F177221563AC8EF71F3F0 /* WhoordanUITests */,
			);
		};
/* End PBXProject section */

/* Begin PBXResourcesBuildPhase section */
		5B18B4E0D881F01FD9C3E1C2 /* Resources */ = {
			isa = PBXResourcesBuildPhase;
			buildActionMask = 2147483647;
			files = (
				39035B7D75E87B17C592CE2F /* Assets.xcassets in Resources */,
			);
			runOnlyForDeploymentPostprocessing = 0;
		};
		A59019A275F35E3DB5FF33F2 /* Resources */ = {
			isa = PBXResourcesBuildPhase;
			buildActionMask = 2147483647;
			files = (
			);
			runOnlyForDeploymentPostprocessing = 0;
		};
		AD4F1E047253A250BC2A2A43 /* Resources */ = {
			isa = PBXResourcesBuildPhase;
			buildActionMask = 2147483647;
			files = (
			);
			runOnlyForDeploymentPostprocessing = 0;
		};
/* End PBXResourcesBuildPhase section */

/* Begin PBXSourcesBuildPhase section */
		589DBD067D79C787E741C7B7 /* Sources */ = {
			isa = PBXSourcesBuildPhase;
			buildActionMask = 2147483647;
			files = (
				D7EDB970F902E99EC93D0666 /* AppEnvironment.swift in Sources */,
				0E3F5CD49E84D45CB1A0FFC8 /* AppRootView.swift in Sources */,
				D0B5B54D5ADAB420731EB567 /* AppRouter.swift in Sources */,
				42ADC8B5213553D6692187E4 /* WhoordanApp.swift in Sources */,
				40A60AA1B2E97CB846448B6B /* ApprovalService.swift in Sources */,
				401B7A05174A8F0D3E948271 /* AuthService.swift in Sources */,
				5585EC9394F8FA6CB4A35ADC /* WearableBLEService.swift in Sources */,
				C0B97E363AA4E5B1240C103F /* WearableProtocol.swift in Sources */,
				B4A8E9215A92381C56E52709 /* WearableExportCSVSchema.swift in Sources */,
				884E8160DAD84D7A506C25F1 /* VibrationModels.swift in Sources */,
				66037A88E8400AE2C73DBD1B /* HealthKitService.swift in Sources */,
				181EBBAD12B0443AE7692903 /* AppModels.swift in Sources */,
				ED2AD7C92FA94F36E425ED5F /* HealthModels.swift in Sources */,
				7D0F0D5259EC26C7BCE4DAD2 /* PrivacyAccessGuard.swift in Sources */,
				5F17672EAFF587FCF46CDDDB /* ScoringEngines.swift in Sources */,
				631E1E5CBB5CBBD8F7C6C8FB /* KeychainStore.swift in Sources */,
				F92201A96F2CEA61ECCE3791 /* LocalStore.swift in Sources */,
				B1B2C3D4E5F60718293A4B5D /* BackgroundSyncCoordinator.swift in Sources */,
				A1B2C3D4E5F60718293A4B5D /* HealthIngestionPipeline.swift in Sources */,
				5A0DB707B58BD39D9617B780 /* SupabaseClient.swift in Sources */,
				5F9D10000000000000000001 /* UpdateService.swift in Sources */,
				E1135854AB116F26A5E6A980 /* WComponents.swift in Sources */,
				53B1184A688FC0B7F0BEBAAE /* WTheme.swift in Sources */,
				6C8E72FAA6F330A8F5EF8C3E /* ApprovalLockedView.swift in Sources */,
				B81D01B1BFA4C36A10664FF2 /* AuthView.swift in Sources */,
				C9F3B27328E070B2BBF74D26 /* DeviceView.swift in Sources */,
				6A0B72D5E8F88DF8D22C5C3B /* HeartView.swift in Sources */,
				78F9A4C5B5C4719C2D65C977 /* JournalView.swift in Sources */,
				CF5093B0A42ABE16E87CF53D /* RecoveryView.swift in Sources */,
				F5EB195627648B21D529BECB /* SettingsView.swift in Sources */,
				21E8AA6FDFE25C88F65CC90C /* SleepView.swift in Sources */,
				A915EBD8DF10765B53B826B2 /* TodayView.swift in Sources */,
				C6753565B890CC4CF352A833 /* VibrationView.swift in Sources */,
			);
			runOnlyForDeploymentPostprocessing = 0;
		};
		6148D796259332951F62A5DE /* Sources */ = {
			isa = PBXSourcesBuildPhase;
			buildActionMask = 2147483647;
			files = (
				02EEA7C9C2BC8007DCC3A894 /* WhoordanUITests.swift in Sources */,
			);
			runOnlyForDeploymentPostprocessing = 0;
		};
		FEFAE987EF51E576C9E6671C /* Sources */ = {
			isa = PBXSourcesBuildPhase;
			buildActionMask = 2147483647;
			files = (
				AEEB10000000000000000001 /* AppEnvironmentWearableStateTests.swift in Sources */,
				D42FCE1A68BDED1B9EC87B16 /* ApprovalGateTests.swift in Sources */,
				7BF65A49F1249BE914957DE5 /* CSVSchemaTests.swift in Sources */,
				2D9A6F4C5E8B4A7F9C1D0E2B /* DesignContractTests.swift in Sources */,
				92C7BAE40F364970AC421D84 /* HealthKitTests.swift in Sources */,
				D1B2C3D4E5F60718293A4B5D /* HealthIngestionPipelineTests.swift in Sources */,
					C1B2C3D4E5F60718293A4B5D /* LocalStoreTests.swift in Sources */,
					AA0000000000000000000021 /* ProjectArchitectureTests.swift in Sources */,
					976C27494BE2B52D5EBB0314 /* ScoringTests.swift in Sources */,
					94A6C0A3C9D3489F8B9C3E17 /* SupabaseConfigTests.swift in Sources */,
					ABCD10000000000000000001 /* UpdateServiceTests.swift in Sources */,
					A4F383D3923A2D5E364E0BBD /* VibrationTests.swift in Sources */,
				71FE8D036004440ABF8BAC13 /* WearableProtocolTests.swift in Sources */,
			);
			runOnlyForDeploymentPostprocessing = 0;
		};
/* End PBXSourcesBuildPhase section */

/* Begin PBXTargetDependency section */
		C86465AC01DACC12AC466DDC /* PBXTargetDependency */ = {
			isa = PBXTargetDependency;
			name = Whoordan;
			target = 5F93140A99F11B84AFC2ADB6 /* Whoordan */;
			targetProxy = A14CEEAE7AD4E6C2678E3C7A /* PBXContainerItemProxy */;
		};
		FFDCC38515198C67D4587553 /* PBXTargetDependency */ = {
			isa = PBXTargetDependency;
			name = Whoordan;
			target = 5F93140A99F11B84AFC2ADB6 /* Whoordan */;
			targetProxy = 19B06C47A7CE96ECF7E24A96 /* PBXContainerItemProxy */;
		};
/* End PBXTargetDependency section */

/* Begin XCBuildConfiguration section */
		09DA58CCC9FEA0872B8693F9 /* Release */ = {
			isa = XCBuildConfiguration;
			buildSettings = {
				BUNDLE_LOADER = "$(TEST_HOST)";
				CLANG_ENABLE_OBJC_WEAK = NO;
				CODE_SIGN_STYLE = Automatic;
				DEVELOPMENT_TEAM = S492U2YS99;
				GENERATE_INFOPLIST_FILE = YES;
				IPHONEOS_DEPLOYMENT_TARGET = 17.0;
				PRODUCT_BUNDLE_IDENTIFIER = com.w4rd2.whoordan.tests;
				PRODUCT_NAME = WhoordanTests;
				SDKROOT = iphoneos;
				SUPPORTED_PLATFORMS = "iphoneos iphonesimulator";
				SWIFT_VERSION = 5.0;
				TARGETED_DEVICE_FAMILY = 1;
				TEST_HOST = "$(BUILT_PRODUCTS_DIR)/Whoordan.app/$(BUNDLE_EXECUTABLE_FOLDER_PATH)/Whoordan";
				VALIDATE_PRODUCT = YES;
			};
			name = Release;
		};
		1B52E6B328CEA9C6D7FA943D /* Debug */ = {
			isa = XCBuildConfiguration;
			buildSettings = {
				ALWAYS_SEARCH_USER_PATHS = NO;
				CLANG_ANALYZER_NONNULL = YES;
				CLANG_ANALYZER_NUMBER_OBJECT_CONVERSION = YES_AGGRESSIVE;
				CLANG_CXX_LANGUAGE_STANDARD = "gnu++14";
				CLANG_CXX_LIBRARY = "libc++";
				CLANG_ENABLE_MODULES = YES;
				CLANG_ENABLE_OBJC_ARC = YES;
				CLANG_ENABLE_OBJC_WEAK = YES;
				CLANG_WARN_BLOCK_CAPTURE_AUTORELEASING = YES;
				CLANG_WARN_BOOL_CONVERSION = YES;
				CLANG_WARN_COMMA = YES;
				CLANG_WARN_CONSTANT_CONVERSION = YES;
				CLANG_WARN_DEPRECATED_OBJC_IMPLEMENTATIONS = YES;
				CLANG_WARN_DIRECT_OBJC_ISA_USAGE = YES_ERROR;
				CLANG_WARN_DOCUMENTATION_COMMENTS = YES;
				CLANG_WARN_EMPTY_BODY = YES;
				CLANG_WARN_ENUM_CONVERSION = YES;
				CLANG_WARN_INFINITE_RECURSION = YES;
				CLANG_WARN_INT_CONVERSION = YES;
				CLANG_WARN_NON_LITERAL_NULL_CONVERSION = YES;
				CLANG_WARN_OBJC_IMPLICIT_RETAIN_SELF = YES;
				CLANG_WARN_OBJC_LITERAL_CONVERSION = YES;
				CLANG_WARN_OBJC_ROOT_CLASS = YES_ERROR;
				CLANG_WARN_QUOTED_INCLUDE_IN_FRAMEWORK_HEADER = YES;
				CLANG_WARN_RANGE_LOOP_ANALYSIS = YES;
				CLANG_WARN_STRICT_PROTOTYPES = YES;
				CLANG_WARN_SUSPICIOUS_MOVE = YES;
				CLANG_WARN_UNGUARDED_AVAILABILITY = YES_AGGRESSIVE;
				CLANG_WARN_UNREACHABLE_CODE = YES;
				CLANG_WARN__DUPLICATE_METHOD_MATCH = YES;
				COPY_PHASE_STRIP = NO;
				DEBUG_INFORMATION_FORMAT = dwarf;
				ENABLE_STRICT_OBJC_MSGSEND = YES;
				ENABLE_TESTABILITY = YES;
				GCC_C_LANGUAGE_STANDARD = gnu11;
				GCC_DYNAMIC_NO_PIC = NO;
				GCC_NO_COMMON_BLOCKS = YES;
				GCC_OPTIMIZATION_LEVEL = 0;
				GCC_PREPROCESSOR_DEFINITIONS = (
					"DEBUG=1",
					"$(inherited)",
				);
				GCC_WARN_64_TO_32_BIT_CONVERSION = YES;
				GCC_WARN_ABOUT_RETURN_TYPE = YES_ERROR;
				GCC_WARN_UNDECLARED_SELECTOR = YES;
				GCC_WARN_UNINITIALIZED_AUTOS = YES_AGGRESSIVE;
				GCC_WARN_UNUSED_FUNCTION = YES;
				GCC_WARN_UNUSED_VARIABLE = YES;
				IPHONEOS_DEPLOYMENT_TARGET = 17.0;
				MTL_ENABLE_DEBUG_INFO = INCLUDE_SOURCE;
				MTL_FAST_MATH = YES;
				ONLY_ACTIVE_ARCH = YES;
				PRODUCT_NAME = "$(TARGET_NAME)";
				SDKROOT = iphoneos;
				SWIFT_ACTIVE_COMPILATION_CONDITIONS = DEBUG;
				SWIFT_OPTIMIZATION_LEVEL = "-Onone";
				SWIFT_VERSION = 5.0;
			};
			name = Debug;
		};
		3A4D3F1A818DCE1DBD0E3A1C /* Release */ = {
			isa = XCBuildConfiguration;
			buildSettings = {
				CLANG_ENABLE_OBJC_WEAK = NO;
				CODE_SIGN_STYLE = Automatic;
				DEVELOPMENT_TEAM = S492U2YS99;
				GENERATE_INFOPLIST_FILE = YES;
				IPHONEOS_DEPLOYMENT_TARGET = 17.0;
				PRODUCT_BUNDLE_IDENTIFIER = com.w4rd2.whoordan.uitests;
				PRODUCT_NAME = WhoordanUITests;
				SDKROOT = iphoneos;
				SUPPORTED_PLATFORMS = "iphoneos iphonesimulator";
				SWIFT_VERSION = 5.0;
				TARGETED_DEVICE_FAMILY = 1;
				TEST_TARGET_NAME = Whoordan;
				VALIDATE_PRODUCT = YES;
			};
			name = Release;
		};
		43C0E324082170F2399AE737 /* Release */ = {
			isa = XCBuildConfiguration;
			buildSettings = {
				ALWAYS_SEARCH_USER_PATHS = NO;
				CLANG_ANALYZER_NONNULL = YES;
				CLANG_ANALYZER_NUMBER_OBJECT_CONVERSION = YES_AGGRESSIVE;
				CLANG_CXX_LANGUAGE_STANDARD = "gnu++14";
				CLANG_CXX_LIBRARY = "libc++";
				CLANG_ENABLE_MODULES = YES;
				CLANG_ENABLE_OBJC_ARC = YES;
				CLANG_ENABLE_OBJC_WEAK = YES;
				CLANG_WARN_BLOCK_CAPTURE_AUTORELEASING = YES;
				CLANG_WARN_BOOL_CONVERSION = YES;
				CLANG_WARN_COMMA = YES;
				CLANG_WARN_CONSTANT_CONVERSION = YES;
				CLANG_WARN_DEPRECATED_OBJC_IMPLEMENTATIONS = YES;
				CLANG_WARN_DIRECT_OBJC_ISA_USAGE = YES_ERROR;
				CLANG_WARN_DOCUMENTATION_COMMENTS = YES;
				CLANG_WARN_EMPTY_BODY = YES;
				CLANG_WARN_ENUM_CONVERSION = YES;
				CLANG_WARN_INFINITE_RECURSION = YES;
				CLANG_WARN_INT_CONVERSION = YES;
				CLANG_WARN_NON_LITERAL_NULL_CONVERSION = YES;
				CLANG_WARN_OBJC_IMPLICIT_RETAIN_SELF = YES;
				CLANG_WARN_OBJC_LITERAL_CONVERSION = YES;
				CLANG_WARN_OBJC_ROOT_CLASS = YES_ERROR;
				CLANG_WARN_QUOTED_INCLUDE_IN_FRAMEWORK_HEADER = YES;
				CLANG_WARN_RANGE_LOOP_ANALYSIS = YES;
				CLANG_WARN_STRICT_PROTOTYPES = YES;
				CLANG_WARN_SUSPICIOUS_MOVE = YES;
				CLANG_WARN_UNGUARDED_AVAILABILITY = YES_AGGRESSIVE;
				CLANG_WARN_UNREACHABLE_CODE = YES;
				CLANG_WARN__DUPLICATE_METHOD_MATCH = YES;
				COPY_PHASE_STRIP = NO;
				DEBUG_INFORMATION_FORMAT = "dwarf-with-dsym";
				ENABLE_NS_ASSERTIONS = NO;
				ENABLE_STRICT_OBJC_MSGSEND = YES;
				GCC_C_LANGUAGE_STANDARD = gnu11;
				GCC_NO_COMMON_BLOCKS = YES;
				GCC_WARN_64_TO_32_BIT_CONVERSION = YES;
				GCC_WARN_ABOUT_RETURN_TYPE = YES_ERROR;
				GCC_WARN_UNDECLARED_SELECTOR = YES;
				GCC_WARN_UNINITIALIZED_AUTOS = YES_AGGRESSIVE;
				GCC_WARN_UNUSED_FUNCTION = YES;
				GCC_WARN_UNUSED_VARIABLE = YES;
				IPHONEOS_DEPLOYMENT_TARGET = 17.0;
				MTL_ENABLE_DEBUG_INFO = NO;
				MTL_FAST_MATH = YES;
				PRODUCT_NAME = "$(TARGET_NAME)";
				SDKROOT = iphoneos;
				SWIFT_COMPILATION_MODE = wholemodule;
				SWIFT_OPTIMIZATION_LEVEL = "-O";
				SWIFT_VERSION = 5.0;
			};
			name = Release;
		};
		5E5737BBF45F2345C1C0EC0B /* Release */ = {
			isa = XCBuildConfiguration;
			buildSettings = {
				ASSETCATALOG_COMPILER_APPICON_NAME = AppIcon;
				ASSETCATALOG_COMPILER_GLOBAL_ACCENT_COLOR_NAME = AccentColor;
				CLANG_ENABLE_OBJC_WEAK = NO;
				CODE_SIGN_ENTITLEMENTS = Whoordan/Resources/Whoordan.entitlements;
				CODE_SIGN_STYLE = Automatic;
				CURRENT_PROJECT_VERSION = 1;
				DEVELOPMENT_TEAM = S492U2YS99;
				GENERATE_INFOPLIST_FILE = NO;
				INFOPLIST_FILE = Whoordan/Resources/Info.plist;
				IPHONEOS_DEPLOYMENT_TARGET = 17.0;
				LD_RUNPATH_SEARCH_PATHS = "$(inherited) @executable_path/Frameworks";
				MARKETING_VERSION = 1.0;
				PRODUCT_BUNDLE_IDENTIFIER = com.w4rd2.whoordan;
				PRODUCT_NAME = Whoordan;
				SDKROOT = iphoneos;
				SUPPORTED_PLATFORMS = "iphoneos iphonesimulator";
				SWIFT_VERSION = 5.0;
				TARGETED_DEVICE_FAMILY = 1;
				VALIDATE_PRODUCT = YES;
			};
			name = Release;
		};
		70C42E77F5A8AE2D337A995D /* Debug */ = {
			isa = XCBuildConfiguration;
			buildSettings = {
				CLANG_ENABLE_OBJC_WEAK = NO;
				CODE_SIGN_STYLE = Automatic;
				DEVELOPMENT_TEAM = S492U2YS99;
				GENERATE_INFOPLIST_FILE = YES;
				IPHONEOS_DEPLOYMENT_TARGET = 17.0;
				PRODUCT_BUNDLE_IDENTIFIER = com.w4rd2.whoordan.uitests;
				PRODUCT_NAME = WhoordanUITests;
				SDKROOT = iphoneos;
				SUPPORTED_PLATFORMS = "iphoneos iphonesimulator";
				SWIFT_VERSION = 5.0;
				TARGETED_DEVICE_FAMILY = 1;
				TEST_TARGET_NAME = Whoordan;
			};
			name = Debug;
		};
		AA7211F9100A62225EC95AEC /* Debug */ = {
			isa = XCBuildConfiguration;
			buildSettings = {
				BUNDLE_LOADER = "$(TEST_HOST)";
				CLANG_ENABLE_OBJC_WEAK = NO;
				CODE_SIGN_STYLE = Automatic;
				DEVELOPMENT_TEAM = S492U2YS99;
				GENERATE_INFOPLIST_FILE = YES;
				IPHONEOS_DEPLOYMENT_TARGET = 17.0;
				PRODUCT_BUNDLE_IDENTIFIER = com.w4rd2.whoordan.tests;
				PRODUCT_NAME = WhoordanTests;
				SDKROOT = iphoneos;
				SUPPORTED_PLATFORMS = "iphoneos iphonesimulator";
				SWIFT_VERSION = 5.0;
				TARGETED_DEVICE_FAMILY = 1;
				TEST_HOST = "$(BUILT_PRODUCTS_DIR)/Whoordan.app/$(BUNDLE_EXECUTABLE_FOLDER_PATH)/Whoordan";
			};
			name = Debug;
		};
		AB3486852F23B07C244AF2A2 /* Debug */ = {
			isa = XCBuildConfiguration;
			buildSettings = {
				ASSETCATALOG_COMPILER_APPICON_NAME = AppIcon;
				ASSETCATALOG_COMPILER_GLOBAL_ACCENT_COLOR_NAME = AccentColor;
				CLANG_ENABLE_OBJC_WEAK = NO;
				CODE_SIGN_ENTITLEMENTS = Whoordan/Resources/Whoordan.entitlements;
				CODE_SIGN_STYLE = Automatic;
				CURRENT_PROJECT_VERSION = 1;
				DEVELOPMENT_TEAM = S492U2YS99;
				GENERATE_INFOPLIST_FILE = NO;
				INFOPLIST_FILE = Whoordan/Resources/Info.plist;
				IPHONEOS_DEPLOYMENT_TARGET = 17.0;
				LD_RUNPATH_SEARCH_PATHS = "$(inherited) @executable_path/Frameworks";
				MARKETING_VERSION = 1.0;
				PRODUCT_BUNDLE_IDENTIFIER = com.w4rd2.whoordan;
				PRODUCT_NAME = Whoordan;
				SDKROOT = iphoneos;
				SUPPORTED_PLATFORMS = "iphoneos iphonesimulator";
				SWIFT_VERSION = 5.0;
				TARGETED_DEVICE_FAMILY = 1;
			};
			name = Debug;
		};
/* End XCBuildConfiguration section */

/* Begin XCConfigurationList section */
		3026A77E0E1F261511F8FD39 /* Build configuration list for PBXNativeTarget "WhoordanTests" */ = {
			isa = XCConfigurationList;
			buildConfigurations = (
				09DA58CCC9FEA0872B8693F9 /* Release */,
				AA7211F9100A62225EC95AEC /* Debug */,
			);
			defaultConfigurationIsVisible = 0;
			defaultConfigurationName = Release;
		};
		6CB6C7E768D98C103AC49133 /* Build configuration list for PBXNativeTarget "Whoordan" */ = {
			isa = XCConfigurationList;
			buildConfigurations = (
				5E5737BBF45F2345C1C0EC0B /* Release */,
				AB3486852F23B07C244AF2A2 /* Debug */,
			);
			defaultConfigurationIsVisible = 0;
			defaultConfigurationName = Release;
		};
		E39E806038FFDC45DEBB2D7D /* Build configuration list for PBXNativeTarget "WhoordanUITests" */ = {
			isa = XCConfigurationList;
			buildConfigurations = (
				3A4D3F1A818DCE1DBD0E3A1C /* Release */,
				70C42E77F5A8AE2D337A995D /* Debug */,
			);
			defaultConfigurationIsVisible = 0;
			defaultConfigurationName = Release;
		};
		E9DD8CA59C6BC5234BB744E7 /* Build configuration list for PBXProject "Whoordan" */ = {
			isa = XCConfigurationList;
			buildConfigurations = (
				1B52E6B328CEA9C6D7FA943D /* Debug */,
				43C0E324082170F2399AE737 /* Release */,
			);
			defaultConfigurationIsVisible = 0;
			defaultConfigurationName = Release;
		};
/* End XCConfigurationList section */
	};
	rootObject = 966218AF72A7E1EE4C7B51AF /* Project object */;
}
